
Microsoft Visual Studio Solution File, Format Version 12.00
Project("{2150E333-8FDC-42A3-9474-1A3956D46DE8}") = "src", "src", "{E20DC3A8-AF92-436F-B071-4A7CC5946A56}"
EndProject
Project("{2150E333-8FDC-42A3-9474-1A3956D46DE8}") = "test", "test", "{DD2F2764-1887-4134-A75F-FFE3DEAE9DD7}"
EndProject
Project("{2150E333-8FDC-42A3-9474-1A3956D46DE8}") = "contract", "contract", "{F526042B-0E7A-44EF-86D8-5B0854523478}"
EndProject
Project("{FAE04EC0-301F-11D3-BF4B-00C04F79EFBC}") = "AElf.Contracts.Vote", "contract\AElf.Contracts.Vote\AElf.Contracts.Vote.csproj", "{8D626C09-6F71-4A3B-A346-F05BD802C13A}"
EndProject
Project("{FAE04EC0-301F-11D3-BF4B-00C04F79EFBC}") = "AElf.ContractDeployer", "src\AElf.ContractDeployer\AElf.ContractDeployer.csproj", "{2B9CF9D6-0E55-49D3-999E-14F6786FE12D}"
EndProject
Project("{FAE04EC0-301F-11D3-BF4B-00C04F79EFBC}") = "AElf.ContractTestBase", "src\AElf.ContractTestBase\AElf.ContractTestBase.csproj", "{41E1F8E5-1CF9-4F34-957A-E85E1FF20DD2}"
EndProject
Project("{FAE04EC0-301F-11D3-BF4B-00C04F79EFBC}") = "AElf.ContractTestKit", "src\AElf.ContractTestKit\AElf.ContractTestKit.csproj", "{90144C96-7DD9-4CA5-B2F0-EA8343E8D5AE}"
EndProject
Project("{FAE04EC0-301F-11D3-BF4B-00C04F79EFBC}") = "AElf.ContractTestKit.AEDPoSExtension", "src\AElf.ContractTestKit.AEDPoSExtension\AElf.ContractTestKit.AEDPoSExtension.csproj", "{3BFE1370-3842-4D85-B915-928CD7A28953}"
EndProject
Project("{FAE04EC0-301F-11D3-BF4B-00C04F79EFBC}") = "AElf.Contracts.Treasury", "contract\AElf.Contracts.Treasury\AElf.Contracts.Treasury.csproj", "{BB3E5180-5ACC-4A61-A869-0E22A3085BE9}"
EndProject
Project("{FAE04EC0-301F-11D3-BF4B-00C04F79EFBC}") = "AElf.Contracts.TokenHolder", "contract\AElf.Contracts.TokenHolder\AElf.Contracts.TokenHolder.csproj", "{9CED5578-7900-4461-95B8-809AEEE17DDB}"
EndProject
Project("{FAE04EC0-301F-11D3-BF4B-00C04F79EFBC}") = "AElf.Contracts.TokenConverter", "contract\AElf.Contracts.TokenConverter\AElf.Contracts.TokenConverter.csproj", "{396935BA-9797-41D7-8F9C-D37C25C483CE}"
EndProject
Project("{FAE04EC0-301F-11D3-BF4B-00C04F79EFBC}") = "AElf.Contracts.Referendum", "contract\AElf.Contracts.Referendum\AElf.Contracts.Referendum.csproj", "{094C903C-1633-4689-9874-A8CA4A0A8437}"
EndProject
Project("{FAE04EC0-301F-11D3-BF4B-00C04F79EFBC}") = "AElf.Contracts.Profit", "contract\AElf.Contracts.Profit\AElf.Contracts.Profit.csproj", "{FDF1ED91-D8C5-4C8C-ADE0-75022A01B1D1}"
EndProject
Project("{FAE04EC0-301F-11D3-BF4B-00C04F79EFBC}") = "AElf.Contracts.Parliament", "contract\AElf.Contracts.Parliament\AElf.Contracts.Parliament.csproj", "{0978E3A3-515F-47C5-830A-79560363E800}"
EndProject
Project("{FAE04EC0-301F-11D3-BF4B-00C04F79EFBC}") = "AElf.Contracts.NFT", "contract\AElf.Contracts.NFT\AElf.Contracts.NFT.csproj", "{E06B51D3-C339-4902-A062-6EF321982C32}"
EndProject
Project("{FAE04EC0-301F-11D3-BF4B-00C04F79EFBC}") = "AElf.Contracts.MultiToken", "contract\AElf.Contracts.MultiToken\AElf.Contracts.MultiToken.csproj", "{172CD304-7AAC-4BF7-AC7B-262FFC6AF31B}"
EndProject
Project("{FAE04EC0-301F-11D3-BF4B-00C04F79EFBC}") = "AElf.Contracts.Election", "contract\AElf.Contracts.Election\AElf.Contracts.Election.csproj", "{B763B00E-2055-4804-ABE4-C5712024DC3C}"
EndProject
Project("{FAE04EC0-301F-11D3-BF4B-00C04F79EFBC}") = "AElf.Contracts.Genesis", "contract\AElf.Contracts.Genesis\AElf.Contracts.Genesis.csproj", "{56F3F81F-EC30-4B6E-9827-7D27432B0A41}"
EndProject
Project("{FAE04EC0-301F-11D3-BF4B-00C04F79EFBC}") = "AElf.Contracts.Economic", "contract\AElf.Contracts.Economic\AElf.Contracts.Economic.csproj", "{286F370D-1D3B-46FE-9700-E4F8233B3560}"
EndProject
Project("{FAE04EC0-301F-11D3-BF4B-00C04F79EFBC}") = "AElf.Contracts.CrossChain", "contract\AElf.Contracts.CrossChain\AElf.Contracts.CrossChain.csproj", "{5678B9D6-0A12-424C-A682-175F518E23DD}"
EndProject
Project("{FAE04EC0-301F-11D3-BF4B-00C04F79EFBC}") = "AElf.Contracts.Consensus.AEDPoS", "contract\AElf.Contracts.Consensus.AEDPoS\AElf.Contracts.Consensus.AEDPoS.csproj", "{81BCCC82-1EC5-49FB-BFDA-0E30AB52648B}"
EndProject
Project("{FAE04EC0-301F-11D3-BF4B-00C04F79EFBC}") = "AElf.Contracts.Configuration", "contract\AElf.Contracts.Configuration\AElf.Contracts.Configuration.csproj", "{FE66014E-D797-4D42-9F87-E6B84CA8D9B4}"
EndProject
Project("{FAE04EC0-301F-11D3-BF4B-00C04F79EFBC}") = "AElf.Contracts.Association", "contract\AElf.Contracts.Association\AElf.Contracts.Association.csproj", "{1E7981F5-DEF0-4D48-803D-403C20625A5A}"
EndProject
Project("{FAE04EC0-301F-11D3-BF4B-00C04F79EFBC}") = "AElf.Contracts.Vote.Tests", "test\AElf.Contracts.Vote.Tests\AElf.Contracts.Vote.Tests.csproj", "{370CCBE5-FA4E-452F-AAB8-15F41DB4398E}"
EndProject
Project("{FAE04EC0-301F-11D3-BF4B-00C04F79EFBC}") = "AElf.Contracts.Vote.AEDPoSExtension.Tests", "test\AElf.Contracts.Vote.AEDPoSExtension.Tests\AElf.Contracts.Vote.AEDPoSExtension.Tests.csproj", "{411F57E2-C836-4780-833C-FC6333A2F96F}"
EndProject
Project("{FAE04EC0-301F-11D3-BF4B-00C04F79EFBC}") = "AElf.Contracts.VirtualTransactionEventContract.Tests", "test\AElf.Contracts.VirtualTransactionEventContract.Tests\AElf.Contracts.VirtualTransactionEventContract.Tests.csproj", "{B9A73B62-EA09-4056-B6E5-0CE15138F63C}"
EndProject
Project("{FAE04EC0-301F-11D3-BF4B-00C04F79EFBC}") = "AElf.Contracts.TokenHolder.Tests", "test\AElf.Contracts.TokenHolder.Tests\AElf.Contracts.TokenHolder.Tests.csproj", "{553698DF-0ABF-4F52-B05B-101DE18341D0}"
EndProject
Project("{FAE04EC0-301F-11D3-BF4B-00C04F79EFBC}") = "AElf.Contracts.TokenConverter.Tests", "test\AElf.Contracts.TokenConverter.Tests\AElf.Contracts.TokenConverter.Tests.csproj", "{814CCAF5-E562-4AA5-AB36-88C62EBB67A8}"
EndProject
Project("{FAE04EC0-301F-11D3-BF4B-00C04F79EFBC}") = "AElf.Contracts.TokenConverter.Internal.Tests", "test\AElf.Contracts.TokenConverter.Internal.Tests\AElf.Contracts.TokenConverter.Internal.Tests.csproj", "{3BF95E06-2290-4960-BF16-4A551C20838A}"
EndProject
Project("{FAE04EC0-301F-11D3-BF4B-00C04F79EFBC}") = "AElf.Contracts.TestContract.Vote", "test\AElf.Contracts.TestContract.Vote\AElf.Contracts.TestContract.Vote.csproj", "{C75A552B-DAC2-49AF-93D3-EAD233A12C74}"
EndProject
Project("{FAE04EC0-301F-11D3-BF4B-00C04F79EFBC}") = "AElf.Contracts.TestContract.VirtualTransactionEvent", "test\AElf.Contracts.TestContract.VirtualTransactionEvent\AElf.Contracts.TestContract.VirtualTransactionEvent.csproj", "{369394EE-5814-4839-85F4-310ECC8C1F7D}"
EndProject
Project("{FAE04EC0-301F-11D3-BF4B-00C04F79EFBC}") = "AElf.Contracts.TestContract.VirtualAddress", "test\AElf.Contracts.TestContract.VirtualAddress\AElf.Contracts.TestContract.VirtualAddress.csproj", "{5700DBF1-E0C0-4757-82FC-8D1F87DE955B}"
EndProject
Project("{FAE04EC0-301F-11D3-BF4B-00C04F79EFBC}") = "AElf.Contracts.TestContract.TransactionFees", "test\AElf.Contracts.TestContract.TransactionFees\AElf.Contracts.TestContract.TransactionFees.csproj", "{5DA32060-1046-4E5D-BAB8-BCAEDA603F25}"
EndProject
Project("{FAE04EC0-301F-11D3-BF4B-00C04F79EFBC}") = "AElf.Contracts.TestContract.TransactionFeeCharging", "test\AElf.Contracts.TestContract.TransactionFeeCharging\AElf.Contracts.TestContract.TransactionFeeCharging.csproj", "{B790B885-F8E5-4A56-902E-576B209BAD28}"
EndProject
Project("{FAE04EC0-301F-11D3-BF4B-00C04F79EFBC}") = "AElf.Contracts.TestContract.Tests", "test\AElf.Contracts.TestContract.Tests\AElf.Contracts.TestContract.Tests.csproj", "{D6078C6D-9522-4D51-9A9F-34050426B030}"
EndProject
Project("{FAE04EC0-301F-11D3-BF4B-00C04F79EFBC}") = "AElf.Contracts.TestContract.ResourceSpender", "test\AElf.Contracts.TestContract.ResourceSpender\AElf.Contracts.TestContract.ResourceSpender.csproj", "{976AEBDE-DE0D-4052-A64E-99F9D858FC75}"
EndProject
Project("{FAE04EC0-301F-11D3-BF4B-00C04F79EFBC}") = "AElf.Contracts.TestContract.RandomNumberProvider", "test\AElf.Contracts.TestContract.RandomNumberProvider\AElf.Contracts.TestContract.RandomNumberProvider.csproj", "{95BBC806-40F7-4D8D-801B-614CAC00F911}"
EndProject
Project("{FAE04EC0-301F-11D3-BF4B-00C04F79EFBC}") = "AElf.Contracts.TestContract.Performance", "test\AElf.Contracts.TestContract.Performance\AElf.Contracts.TestContract.Performance.csproj", "{B1ABE8DA-5623-4483-A270-7BD96ED8F4B7}"
EndProject
Project("{FAE04EC0-301F-11D3-BF4B-00C04F79EFBC}") = "AElf.Contracts.TestContract.MockParliament", "test\AElf.Contracts.TestContract.MockParliament\AElf.Contracts.TestContract.MockParliament.csproj", "{05717971-B628-44AB-88C4-14C25AA48ABA}"
EndProject
Project("{FAE04EC0-301F-11D3-BF4B-00C04F79EFBC}") = "AElf.Contracts.TestContract.MethodCallThreshold", "test\AElf.Contracts.TestContract.MethodCallThreshold\AElf.Contracts.TestContract.MethodCallThreshold.csproj", "{CEBC7BE0-B809-4C4A-80E3-DD6ADD763EDF}"
EndProject
Project("{FAE04EC0-301F-11D3-BF4B-00C04F79EFBC}") = "AElf.Contracts.TestContract.Events", "test\AElf.Contracts.TestContract.Events\AElf.Contracts.TestContract.Events.csproj", "{37BFEAA8-624B-409F-9672-33CB6398BF82}"
EndProject
Project("{FAE04EC0-301F-11D3-BF4B-00C04F79EFBC}") = "AElf.Contracts.TestContract.DApp", "test\AElf.Contracts.TestContract.DApp\AElf.Contracts.TestContract.DApp.csproj", "{3008E9E3-9491-42AB-B787-8C59DF4EF738}"
EndProject
Project("{FAE04EC0-301F-11D3-BF4B-00C04F79EFBC}") = "AElf.Contracts.TestContract.C", "test\AElf.Contracts.TestContract.C\AElf.Contracts.TestContract.C.csproj", "{EC74F2D8-E40F-415D-A662-B39FA4FBA0C5}"
EndProject
Project("{FAE04EC0-301F-11D3-BF4B-00C04F79EFBC}") = "AElf.Contracts.TestContract.BigIntValue", "test\AElf.Contracts.TestContract.BigIntValue\AElf.Contracts.TestContract.BigIntValue.csproj", "{51906DDF-EC28-43DD-BC2E-7C61E8E1575A}"
EndProject
Project("{FAE04EC0-301F-11D3-BF4B-00C04F79EFBC}") = "AElf.Contracts.TestContract.BasicUpdate", "test\AElf.Contracts.TestContract.BasicUpdate\AElf.Contracts.TestContract.BasicUpdate.csproj", "{2EC2BD8A-5334-4626-BA0E-E512CFBCD6E9}"
EndProject
Project("{FAE04EC0-301F-11D3-BF4B-00C04F79EFBC}") = "AElf.Contracts.TestContract.BasicSecurity", "test\AElf.Contracts.TestContract.BasicSecurity\AElf.Contracts.TestContract.BasicSecurity.csproj", "{2436C7A9-ECE2-489F-8BB2-2D996EAEE20C}"
EndProject
Project("{FAE04EC0-301F-11D3-BF4B-00C04F79EFBC}") = "AElf.Contracts.TestContract.BasicFunctionWithParallel", "test\AElf.Contracts.TestContract.BasicFunctionWithParallel\AElf.Contracts.TestContract.BasicFunctionWithParallel.csproj", "{4009F9CA-E29A-4AC6-AAA5-FA82B83F4514}"
EndProject
Project("{FAE04EC0-301F-11D3-BF4B-00C04F79EFBC}") = "AElf.Contracts.TestContract.BasicFunction", "test\AElf.Contracts.TestContract.BasicFunction\AElf.Contracts.TestContract.BasicFunction.csproj", "{BAC42D06-0904-4FAC-B243-9E187D0976A9}"
EndProject
Project("{FAE04EC0-301F-11D3-BF4B-00C04F79EFBC}") = "AElf.Contracts.TestContract.B", "test\AElf.Contracts.TestContract.B\AElf.Contracts.TestContract.B.csproj", "{AC524185-F2E5-45BD-94BC-9F57CA300A0F}"
EndProject
Project("{FAE04EC0-301F-11D3-BF4B-00C04F79EFBC}") = "AElf.Contracts.TestContract.A", "test\AElf.Contracts.TestContract.A\AElf.Contracts.TestContract.A.csproj", "{D66D5EB1-769C-45CC-9D08-CE93263D43BB}"
EndProject
Project("{FAE04EC0-301F-11D3-BF4B-00C04F79EFBC}") = "AElf.Contracts.TestBase", "test\AElf.Contracts.TestBase\AElf.Contracts.TestBase.csproj", "{C6DD7E2A-089D-4179-B2A1-3A7B3A3DBEDF}"
EndProject
Project("{FAE04EC0-301F-11D3-BF4B-00C04F79EFBC}") = "AElf.Contracts.TestBase.Tests", "test\AElf.Contracts.TestBase.Tests\AElf.Contracts.TestBase.Tests.csproj", "{301CDAC8-08C8-4CC6-A427-48F52801949F}"
EndProject
Project("{FAE04EC0-301F-11D3-BF4B-00C04F79EFBC}") = "AElf.Contracts.Referendum.Tests", "test\AElf.Contracts.Referendum.Tests\AElf.Contracts.Referendum.Tests.csproj", "{BB945985-33C2-4333-B64A-6B369A597419}"
EndProject
Project("{FAE04EC0-301F-11D3-BF4B-00C04F79EFBC}") = "AElf.Contracts.Profit.Tests", "test\AElf.Contracts.Profit.Tests\AElf.Contracts.Profit.Tests.csproj", "{0F66F52E-AAB4-4B58-9772-92D7DE3AB627}"
EndProject
Project("{FAE04EC0-301F-11D3-BF4B-00C04F79EFBC}") = "AElf.Contracts.Parliament.Tests", "test\AElf.Contracts.Parliament.Tests\AElf.Contracts.Parliament.Tests.csproj", "{034C94CE-37C1-4EDF-AD11-18609EEF858C}"
EndProject
Project("{FAE04EC0-301F-11D3-BF4B-00C04F79EFBC}") = "AElf.Contracts.MultiTokenCrossChainTransfer.Tests", "test\AElf.Contracts.MultiTokenCrossChainTransfer.Tests\AElf.Contracts.MultiTokenCrossChainTransfer.Tests.csproj", "{5EC4BA30-22AA-4108-8F96-54A14A21F14E}"
EndProject
Project("{FAE04EC0-301F-11D3-BF4B-00C04F79EFBC}") = "AElf.Contracts.MultiToken.Tests", "test\AElf.Contracts.MultiToken.Tests\AElf.Contracts.MultiToken.Tests.csproj", "{C0B84720-6134-40FF-AD5E-030EA2BEAE71}"
EndProject
Project("{FAE04EC0-301F-11D3-BF4B-00C04F79EFBC}") = "AElf.Contracts.GenesisUpdate", "test\AElf.Contracts.GenesisUpdate\AElf.Contracts.GenesisUpdate.csproj", "{C61F2853-8E63-41B9-BD50-E86EE73BA485}"
EndProject
Project("{FAE04EC0-301F-11D3-BF4B-00C04F79EFBC}") = "AElf.Contracts.Genesis.Tests", "test\AElf.Contracts.Genesis.Tests\AElf.Contracts.Genesis.Tests.csproj", "{EDB6A290-F645-47C5-86BA-9E7E7EF02F46}"
EndProject
Project("{FAE04EC0-301F-11D3-BF4B-00C04F79EFBC}") = "AElf.Contracts.Election.Tests", "test\AElf.Contracts.Election.Tests\AElf.Contracts.Election.Tests.csproj", "{14402DCA-339A-4AA3-ADD2-28C9231AD20C}"
EndProject
Project("{FAE04EC0-301F-11D3-BF4B-00C04F79EFBC}") = "AElf.Contracts.EconomicSystem.Tests", "test\AElf.Contracts.EconomicSystem.Tests\AElf.Contracts.EconomicSystem.Tests.csproj", "{E505E6BE-1AA9-404F-A900-21454D2D1604}"
EndProject
Project("{FAE04EC0-301F-11D3-BF4B-00C04F79EFBC}") = "AElf.Contracts.Economic.TestBase", "test\AElf.Contracts.Economic.TestBase\AElf.Contracts.Economic.TestBase.csproj", "{2DA42796-52DB-4D63-9BA4-8F8C35859807}"
EndProject
Project("{FAE04EC0-301F-11D3-BF4B-00C04F79EFBC}") = "AElf.Contracts.Economic.AEDPoSExtension.Tests", "test\AElf.Contracts.Economic.AEDPoSExtension.Tests\AElf.Contracts.Economic.AEDPoSExtension.Tests.csproj", "{30147082-22DA-421F-89BE-3F343EFE8D3C}"
EndProject
Project("{FAE04EC0-301F-11D3-BF4B-00C04F79EFBC}") = "AElf.Contracts.CrossChain.Tests", "test\AElf.Contracts.CrossChain.Tests\AElf.Contracts.CrossChain.Tests.csproj", "{9EDFE71F-54DD-42C3-BB68-F861BA1F2AAD}"
EndProject
Project("{FAE04EC0-301F-11D3-BF4B-00C04F79EFBC}") = "AElf.Contracts.Consensus.AEDPoS.Tests", "test\AElf.Contracts.Consensus.AEDPoS.Tests\AElf.Contracts.Consensus.AEDPoS.Tests.csproj", "{A4E6E1B6-1611-4E37-8AA5-0161374044FE}"
EndProject
Project("{FAE04EC0-301F-11D3-BF4B-00C04F79EFBC}") = "AElf.Contracts.Configuration.Tests", "test\AElf.Contracts.Configuration.Tests\AElf.Contracts.Configuration.Tests.csproj", "{D5904B2F-9B03-4E62-90C4-511FB8C8E70E}"
EndProject
Project("{FAE04EC0-301F-11D3-BF4B-00C04F79EFBC}") = "AElf.Contracts.Association.Tests", "test\AElf.Contracts.Association.Tests\AElf.Contracts.Association.Tests.csproj", "{84CB9661-D0AB-4ABD-BB4E-94BBFF465A5F}"
EndProject
Project("{FAE04EC0-301F-11D3-BF4B-00C04F79EFBC}") = "AElf.Contracts.AEDPoSExtension.Demo.Tests", "test\AElf.Contracts.AEDPoSExtension.Demo.Tests\AElf.Contracts.AEDPoSExtension.Demo.Tests.csproj", "{9EF47FF0-842A-4D88-9B46-EAB842FCEF2F}"
EndProject
Project("{FAE04EC0-301F-11D3-BF4B-00C04F79EFBC}") = "AElf.ContractTestBase.Tests", "test\AElf.ContractTestBase.Tests\AElf.ContractTestBase.Tests.csproj", "{AF2E06E4-1890-4C43-A521-2747C62E08CB}"
EndProject
Project("{FAE04EC0-301F-11D3-BF4B-00C04F79EFBC}") = "AElf.TestBase", "test\AElf.TestBase\AElf.TestBase.csproj", "{350355E3-0969-49D1-8316-831534004227}"
EndProject
Global
	GlobalSection(SolutionConfigurationPlatforms) = preSolution
		Debug|Any CPU = Debug|Any CPU
		Release|Any CPU = Release|Any CPU
	EndGlobalSection
	GlobalSection(NestedProjects) = preSolution
		{8D626C09-6F71-4A3B-A346-F05BD802C13A} = {F526042B-0E7A-44EF-86D8-5B0854523478}
		{2B9CF9D6-0E55-49D3-999E-14F6786FE12D} = {E20DC3A8-AF92-436F-B071-4A7CC5946A56}
		{41E1F8E5-1CF9-4F34-957A-E85E1FF20DD2} = {E20DC3A8-AF92-436F-B071-4A7CC5946A56}
		{90144C96-7DD9-4CA5-B2F0-EA8343E8D5AE} = {E20DC3A8-AF92-436F-B071-4A7CC5946A56}
		{3BFE1370-3842-4D85-B915-928CD7A28953} = {E20DC3A8-AF92-436F-B071-4A7CC5946A56}
		{BB3E5180-5ACC-4A61-A869-0E22A3085BE9} = {F526042B-0E7A-44EF-86D8-5B0854523478}
		{9CED5578-7900-4461-95B8-809AEEE17DDB} = {F526042B-0E7A-44EF-86D8-5B0854523478}
		{396935BA-9797-41D7-8F9C-D37C25C483CE} = {F526042B-0E7A-44EF-86D8-5B0854523478}
		{094C903C-1633-4689-9874-A8CA4A0A8437} = {F526042B-0E7A-44EF-86D8-5B0854523478}
		{FDF1ED91-D8C5-4C8C-ADE0-75022A01B1D1} = {F526042B-0E7A-44EF-86D8-5B0854523478}
		{0978E3A3-515F-47C5-830A-79560363E800} = {F526042B-0E7A-44EF-86D8-5B0854523478}
		{E06B51D3-C339-4902-A062-6EF321982C32} = {F526042B-0E7A-44EF-86D8-5B0854523478}
		{172CD304-7AAC-4BF7-AC7B-262FFC6AF31B} = {F526042B-0E7A-44EF-86D8-5B0854523478}
		{B763B00E-2055-4804-ABE4-C5712024DC3C} = {F526042B-0E7A-44EF-86D8-5B0854523478}
		{56F3F81F-EC30-4B6E-9827-7D27432B0A41} = {F526042B-0E7A-44EF-86D8-5B0854523478}
		{286F370D-1D3B-46FE-9700-E4F8233B3560} = {F526042B-0E7A-44EF-86D8-5B0854523478}
		{5678B9D6-0A12-424C-A682-175F518E23DD} = {F526042B-0E7A-44EF-86D8-5B0854523478}
		{81BCCC82-1EC5-49FB-BFDA-0E30AB52648B} = {F526042B-0E7A-44EF-86D8-5B0854523478}
		{FE66014E-D797-4D42-9F87-E6B84CA8D9B4} = {F526042B-0E7A-44EF-86D8-5B0854523478}
		{1E7981F5-DEF0-4D48-803D-403C20625A5A} = {F526042B-0E7A-44EF-86D8-5B0854523478}
		{370CCBE5-FA4E-452F-AAB8-15F41DB4398E} = {DD2F2764-1887-4134-A75F-FFE3DEAE9DD7}
		{411F57E2-C836-4780-833C-FC6333A2F96F} = {DD2F2764-1887-4134-A75F-FFE3DEAE9DD7}
		{B9A73B62-EA09-4056-B6E5-0CE15138F63C} = {DD2F2764-1887-4134-A75F-FFE3DEAE9DD7}
		{553698DF-0ABF-4F52-B05B-101DE18341D0} = {DD2F2764-1887-4134-A75F-FFE3DEAE9DD7}
		{814CCAF5-E562-4AA5-AB36-88C62EBB67A8} = {DD2F2764-1887-4134-A75F-FFE3DEAE9DD7}
		{3BF95E06-2290-4960-BF16-4A551C20838A} = {DD2F2764-1887-4134-A75F-FFE3DEAE9DD7}
		{C75A552B-DAC2-49AF-93D3-EAD233A12C74} = {DD2F2764-1887-4134-A75F-FFE3DEAE9DD7}
		{369394EE-5814-4839-85F4-310ECC8C1F7D} = {DD2F2764-1887-4134-A75F-FFE3DEAE9DD7}
		{5700DBF1-E0C0-4757-82FC-8D1F87DE955B} = {DD2F2764-1887-4134-A75F-FFE3DEAE9DD7}
		{5DA32060-1046-4E5D-BAB8-BCAEDA603F25} = {DD2F2764-1887-4134-A75F-FFE3DEAE9DD7}
		{B790B885-F8E5-4A56-902E-576B209BAD28} = {DD2F2764-1887-4134-A75F-FFE3DEAE9DD7}
		{D6078C6D-9522-4D51-9A9F-34050426B030} = {DD2F2764-1887-4134-A75F-FFE3DEAE9DD7}
		{976AEBDE-DE0D-4052-A64E-99F9D858FC75} = {DD2F2764-1887-4134-A75F-FFE3DEAE9DD7}
		{95BBC806-40F7-4D8D-801B-614CAC00F911} = {DD2F2764-1887-4134-A75F-FFE3DEAE9DD7}
		{B1ABE8DA-5623-4483-A270-7BD96ED8F4B7} = {DD2F2764-1887-4134-A75F-FFE3DEAE9DD7}
		{05717971-B628-44AB-88C4-14C25AA48ABA} = {DD2F2764-1887-4134-A75F-FFE3DEAE9DD7}
		{CEBC7BE0-B809-4C4A-80E3-DD6ADD763EDF} = {DD2F2764-1887-4134-A75F-FFE3DEAE9DD7}
		{37BFEAA8-624B-409F-9672-33CB6398BF82} = {DD2F2764-1887-4134-A75F-FFE3DEAE9DD7}
		{3008E9E3-9491-42AB-B787-8C59DF4EF738} = {DD2F2764-1887-4134-A75F-FFE3DEAE9DD7}
		{EC74F2D8-E40F-415D-A662-B39FA4FBA0C5} = {DD2F2764-1887-4134-A75F-FFE3DEAE9DD7}
		{51906DDF-EC28-43DD-BC2E-7C61E8E1575A} = {DD2F2764-1887-4134-A75F-FFE3DEAE9DD7}
		{2EC2BD8A-5334-4626-BA0E-E512CFBCD6E9} = {DD2F2764-1887-4134-A75F-FFE3DEAE9DD7}
		{2436C7A9-ECE2-489F-8BB2-2D996EAEE20C} = {DD2F2764-1887-4134-A75F-FFE3DEAE9DD7}
		{4009F9CA-E29A-4AC6-AAA5-FA82B83F4514} = {DD2F2764-1887-4134-A75F-FFE3DEAE9DD7}
		{BAC42D06-0904-4FAC-B243-9E187D0976A9} = {DD2F2764-1887-4134-A75F-FFE3DEAE9DD7}
		{AC524185-F2E5-45BD-94BC-9F57CA300A0F} = {DD2F2764-1887-4134-A75F-FFE3DEAE9DD7}
		{D66D5EB1-769C-45CC-9D08-CE93263D43BB} = {DD2F2764-1887-4134-A75F-FFE3DEAE9DD7}
		{C6DD7E2A-089D-4179-B2A1-3A7B3A3DBEDF} = {DD2F2764-1887-4134-A75F-FFE3DEAE9DD7}
		{301CDAC8-08C8-4CC6-A427-48F52801949F} = {DD2F2764-1887-4134-A75F-FFE3DEAE9DD7}
		{BB945985-33C2-4333-B64A-6B369A597419} = {DD2F2764-1887-4134-A75F-FFE3DEAE9DD7}
		{0F66F52E-AAB4-4B58-9772-92D7DE3AB627} = {DD2F2764-1887-4134-A75F-FFE3DEAE9DD7}
		{034C94CE-37C1-4EDF-AD11-18609EEF858C} = {DD2F2764-1887-4134-A75F-FFE3DEAE9DD7}
		{5EC4BA30-22AA-4108-8F96-54A14A21F14E} = {DD2F2764-1887-4134-A75F-FFE3DEAE9DD7}
		{C0B84720-6134-40FF-AD5E-030EA2BEAE71} = {DD2F2764-1887-4134-A75F-FFE3DEAE9DD7}
		{C61F2853-8E63-41B9-BD50-E86EE73BA485} = {DD2F2764-1887-4134-A75F-FFE3DEAE9DD7}
		{EDB6A290-F645-47C5-86BA-9E7E7EF02F46} = {DD2F2764-1887-4134-A75F-FFE3DEAE9DD7}
		{14402DCA-339A-4AA3-ADD2-28C9231AD20C} = {DD2F2764-1887-4134-A75F-FFE3DEAE9DD7}
		{E505E6BE-1AA9-404F-A900-21454D2D1604} = {DD2F2764-1887-4134-A75F-FFE3DEAE9DD7}
		{2DA42796-52DB-4D63-9BA4-8F8C35859807} = {DD2F2764-1887-4134-A75F-FFE3DEAE9DD7}
		{30147082-22DA-421F-89BE-3F343EFE8D3C} = {DD2F2764-1887-4134-A75F-FFE3DEAE9DD7}
		{9EDFE71F-54DD-42C3-BB68-F861BA1F2AAD} = {DD2F2764-1887-4134-A75F-FFE3DEAE9DD7}
		{A4E6E1B6-1611-4E37-8AA5-0161374044FE} = {DD2F2764-1887-4134-A75F-FFE3DEAE9DD7}
		{D5904B2F-9B03-4E62-90C4-511FB8C8E70E} = {DD2F2764-1887-4134-A75F-FFE3DEAE9DD7}
		{84CB9661-D0AB-4ABD-BB4E-94BBFF465A5F} = {DD2F2764-1887-4134-A75F-FFE3DEAE9DD7}
		{9EF47FF0-842A-4D88-9B46-EAB842FCEF2F} = {DD2F2764-1887-4134-A75F-FFE3DEAE9DD7}
		{AF2E06E4-1890-4C43-A521-2747C62E08CB} = {DD2F2764-1887-4134-A75F-FFE3DEAE9DD7}
		{350355E3-0969-49D1-8316-831534004227} = {DD2F2764-1887-4134-A75F-FFE3DEAE9DD7}
	EndGlobalSection
	GlobalSection(ProjectConfigurationPlatforms) = postSolution
		{8D626C09-6F71-4A3B-A346-F05BD802C13A}.Debug|Any CPU.ActiveCfg = Debug|Any CPU
		{8D626C09-6F71-4A3B-A346-F05BD802C13A}.Debug|Any CPU.Build.0 = Debug|Any CPU
		{8D626C09-6F71-4A3B-A346-F05BD802C13A}.Release|Any CPU.ActiveCfg = Release|Any CPU
		{8D626C09-6F71-4A3B-A346-F05BD802C13A}.Release|Any CPU.Build.0 = Release|Any CPU
		{2B9CF9D6-0E55-49D3-999E-14F6786FE12D}.Debug|Any CPU.ActiveCfg = Debug|Any CPU
		{2B9CF9D6-0E55-49D3-999E-14F6786FE12D}.Debug|Any CPU.Build.0 = Debug|Any CPU
		{2B9CF9D6-0E55-49D3-999E-14F6786FE12D}.Release|Any CPU.ActiveCfg = Release|Any CPU
		{2B9CF9D6-0E55-49D3-999E-14F6786FE12D}.Release|Any CPU.Build.0 = Release|Any CPU
		{41E1F8E5-1CF9-4F34-957A-E85E1FF20DD2}.Debug|Any CPU.ActiveCfg = Debug|Any CPU
		{41E1F8E5-1CF9-4F34-957A-E85E1FF20DD2}.Debug|Any CPU.Build.0 = Debug|Any CPU
		{41E1F8E5-1CF9-4F34-957A-E85E1FF20DD2}.Release|Any CPU.ActiveCfg = Release|Any CPU
		{41E1F8E5-1CF9-4F34-957A-E85E1FF20DD2}.Release|Any CPU.Build.0 = Release|Any CPU
		{90144C96-7DD9-4CA5-B2F0-EA8343E8D5AE}.Debug|Any CPU.ActiveCfg = Debug|Any CPU
		{90144C96-7DD9-4CA5-B2F0-EA8343E8D5AE}.Debug|Any CPU.Build.0 = Debug|Any CPU
		{90144C96-7DD9-4CA5-B2F0-EA8343E8D5AE}.Release|Any CPU.ActiveCfg = Release|Any CPU
		{90144C96-7DD9-4CA5-B2F0-EA8343E8D5AE}.Release|Any CPU.Build.0 = Release|Any CPU
		{3BFE1370-3842-4D85-B915-928CD7A28953}.Debug|Any CPU.ActiveCfg = Debug|Any CPU
		{3BFE1370-3842-4D85-B915-928CD7A28953}.Debug|Any CPU.Build.0 = Debug|Any CPU
		{3BFE1370-3842-4D85-B915-928CD7A28953}.Release|Any CPU.ActiveCfg = Release|Any CPU
		{3BFE1370-3842-4D85-B915-928CD7A28953}.Release|Any CPU.Build.0 = Release|Any CPU
		{BB3E5180-5ACC-4A61-A869-0E22A3085BE9}.Debug|Any CPU.ActiveCfg = Debug|Any CPU
		{BB3E5180-5ACC-4A61-A869-0E22A3085BE9}.Debug|Any CPU.Build.0 = Debug|Any CPU
		{BB3E5180-5ACC-4A61-A869-0E22A3085BE9}.Release|Any CPU.ActiveCfg = Release|Any CPU
		{BB3E5180-5ACC-4A61-A869-0E22A3085BE9}.Release|Any CPU.Build.0 = Release|Any CPU
		{9CED5578-7900-4461-95B8-809AEEE17DDB}.Debug|Any CPU.ActiveCfg = Debug|Any CPU
		{9CED5578-7900-4461-95B8-809AEEE17DDB}.Debug|Any CPU.Build.0 = Debug|Any CPU
		{9CED5578-7900-4461-95B8-809AEEE17DDB}.Release|Any CPU.ActiveCfg = Release|Any CPU
		{9CED5578-7900-4461-95B8-809AEEE17DDB}.Release|Any CPU.Build.0 = Release|Any CPU
		{396935BA-9797-41D7-8F9C-D37C25C483CE}.Debug|Any CPU.ActiveCfg = Debug|Any CPU
		{396935BA-9797-41D7-8F9C-D37C25C483CE}.Debug|Any CPU.Build.0 = Debug|Any CPU
		{396935BA-9797-41D7-8F9C-D37C25C483CE}.Release|Any CPU.ActiveCfg = Release|Any CPU
		{396935BA-9797-41D7-8F9C-D37C25C483CE}.Release|Any CPU.Build.0 = Release|Any CPU
		{094C903C-1633-4689-9874-A8CA4A0A8437}.Debug|Any CPU.ActiveCfg = Debug|Any CPU
		{094C903C-1633-4689-9874-A8CA4A0A8437}.Debug|Any CPU.Build.0 = Debug|Any CPU
		{094C903C-1633-4689-9874-A8CA4A0A8437}.Release|Any CPU.ActiveCfg = Release|Any CPU
		{094C903C-1633-4689-9874-A8CA4A0A8437}.Release|Any CPU.Build.0 = Release|Any CPU
		{FDF1ED91-D8C5-4C8C-ADE0-75022A01B1D1}.Debug|Any CPU.ActiveCfg = Debug|Any CPU
		{FDF1ED91-D8C5-4C8C-ADE0-75022A01B1D1}.Debug|Any CPU.Build.0 = Debug|Any CPU
		{FDF1ED91-D8C5-4C8C-ADE0-75022A01B1D1}.Release|Any CPU.ActiveCfg = Release|Any CPU
		{FDF1ED91-D8C5-4C8C-ADE0-75022A01B1D1}.Release|Any CPU.Build.0 = Release|Any CPU
		{0978E3A3-515F-47C5-830A-79560363E800}.Debug|Any CPU.ActiveCfg = Debug|Any CPU
		{0978E3A3-515F-47C5-830A-79560363E800}.Debug|Any CPU.Build.0 = Debug|Any CPU
		{0978E3A3-515F-47C5-830A-79560363E800}.Release|Any CPU.ActiveCfg = Release|Any CPU
		{0978E3A3-515F-47C5-830A-79560363E800}.Release|Any CPU.Build.0 = Release|Any CPU
		{E06B51D3-C339-4902-A062-6EF321982C32}.Debug|Any CPU.ActiveCfg = Debug|Any CPU
		{E06B51D3-C339-4902-A062-6EF321982C32}.Debug|Any CPU.Build.0 = Debug|Any CPU
		{E06B51D3-C339-4902-A062-6EF321982C32}.Release|Any CPU.ActiveCfg = Release|Any CPU
		{E06B51D3-C339-4902-A062-6EF321982C32}.Release|Any CPU.Build.0 = Release|Any CPU
		{172CD304-7AAC-4BF7-AC7B-262FFC6AF31B}.Debug|Any CPU.ActiveCfg = Debug|Any CPU
		{172CD304-7AAC-4BF7-AC7B-262FFC6AF31B}.Debug|Any CPU.Build.0 = Debug|Any CPU
		{172CD304-7AAC-4BF7-AC7B-262FFC6AF31B}.Release|Any CPU.ActiveCfg = Release|Any CPU
		{172CD304-7AAC-4BF7-AC7B-262FFC6AF31B}.Release|Any CPU.Build.0 = Release|Any CPU
		{B763B00E-2055-4804-ABE4-C5712024DC3C}.Debug|Any CPU.ActiveCfg = Debug|Any CPU
		{B763B00E-2055-4804-ABE4-C5712024DC3C}.Debug|Any CPU.Build.0 = Debug|Any CPU
		{B763B00E-2055-4804-ABE4-C5712024DC3C}.Release|Any CPU.ActiveCfg = Release|Any CPU
		{B763B00E-2055-4804-ABE4-C5712024DC3C}.Release|Any CPU.Build.0 = Release|Any CPU
		{56F3F81F-EC30-4B6E-9827-7D27432B0A41}.Debug|Any CPU.ActiveCfg = Debug|Any CPU
		{56F3F81F-EC30-4B6E-9827-7D27432B0A41}.Debug|Any CPU.Build.0 = Debug|Any CPU
		{56F3F81F-EC30-4B6E-9827-7D27432B0A41}.Release|Any CPU.ActiveCfg = Release|Any CPU
		{56F3F81F-EC30-4B6E-9827-7D27432B0A41}.Release|Any CPU.Build.0 = Release|Any CPU
		{286F370D-1D3B-46FE-9700-E4F8233B3560}.Debug|Any CPU.ActiveCfg = Debug|Any CPU
		{286F370D-1D3B-46FE-9700-E4F8233B3560}.Debug|Any CPU.Build.0 = Debug|Any CPU
		{286F370D-1D3B-46FE-9700-E4F8233B3560}.Release|Any CPU.ActiveCfg = Release|Any CPU
		{286F370D-1D3B-46FE-9700-E4F8233B3560}.Release|Any CPU.Build.0 = Release|Any CPU
		{5678B9D6-0A12-424C-A682-175F518E23DD}.Debug|Any CPU.ActiveCfg = Debug|Any CPU
		{5678B9D6-0A12-424C-A682-175F518E23DD}.Debug|Any CPU.Build.0 = Debug|Any CPU
		{5678B9D6-0A12-424C-A682-175F518E23DD}.Release|Any CPU.ActiveCfg = Release|Any CPU
		{5678B9D6-0A12-424C-A682-175F518E23DD}.Release|Any CPU.Build.0 = Release|Any CPU
		{81BCCC82-1EC5-49FB-BFDA-0E30AB52648B}.Debug|Any CPU.ActiveCfg = Debug|Any CPU
		{81BCCC82-1EC5-49FB-BFDA-0E30AB52648B}.Debug|Any CPU.Build.0 = Debug|Any CPU
		{81BCCC82-1EC5-49FB-BFDA-0E30AB52648B}.Release|Any CPU.ActiveCfg = Release|Any CPU
		{81BCCC82-1EC5-49FB-BFDA-0E30AB52648B}.Release|Any CPU.Build.0 = Release|Any CPU
		{FE66014E-D797-4D42-9F87-E6B84CA8D9B4}.Debug|Any CPU.ActiveCfg = Debug|Any CPU
		{FE66014E-D797-4D42-9F87-E6B84CA8D9B4}.Debug|Any CPU.Build.0 = Debug|Any CPU
		{FE66014E-D797-4D42-9F87-E6B84CA8D9B4}.Release|Any CPU.ActiveCfg = Release|Any CPU
		{FE66014E-D797-4D42-9F87-E6B84CA8D9B4}.Release|Any CPU.Build.0 = Release|Any CPU
		{1E7981F5-DEF0-4D48-803D-403C20625A5A}.Debug|Any CPU.ActiveCfg = Debug|Any CPU
		{1E7981F5-DEF0-4D48-803D-403C20625A5A}.Debug|Any CPU.Build.0 = Debug|Any CPU
		{1E7981F5-DEF0-4D48-803D-403C20625A5A}.Release|Any CPU.ActiveCfg = Release|Any CPU
		{1E7981F5-DEF0-4D48-803D-403C20625A5A}.Release|Any CPU.Build.0 = Release|Any CPU
		{370CCBE5-FA4E-452F-AAB8-15F41DB4398E}.Debug|Any CPU.ActiveCfg = Debug|Any CPU
		{370CCBE5-FA4E-452F-AAB8-15F41DB4398E}.Debug|Any CPU.Build.0 = Debug|Any CPU
		{370CCBE5-FA4E-452F-AAB8-15F41DB4398E}.Release|Any CPU.ActiveCfg = Release|Any CPU
		{370CCBE5-FA4E-452F-AAB8-15F41DB4398E}.Release|Any CPU.Build.0 = Release|Any CPU
		{411F57E2-C836-4780-833C-FC6333A2F96F}.Debug|Any CPU.ActiveCfg = Debug|Any CPU
		{411F57E2-C836-4780-833C-FC6333A2F96F}.Debug|Any CPU.Build.0 = Debug|Any CPU
		{411F57E2-C836-4780-833C-FC6333A2F96F}.Release|Any CPU.ActiveCfg = Release|Any CPU
		{411F57E2-C836-4780-833C-FC6333A2F96F}.Release|Any CPU.Build.0 = Release|Any CPU
		{B9A73B62-EA09-4056-B6E5-0CE15138F63C}.Debug|Any CPU.ActiveCfg = Debug|Any CPU
		{B9A73B62-EA09-4056-B6E5-0CE15138F63C}.Debug|Any CPU.Build.0 = Debug|Any CPU
		{B9A73B62-EA09-4056-B6E5-0CE15138F63C}.Release|Any CPU.ActiveCfg = Release|Any CPU
		{B9A73B62-EA09-4056-B6E5-0CE15138F63C}.Release|Any CPU.Build.0 = Release|Any CPU
		{553698DF-0ABF-4F52-B05B-101DE18341D0}.Debug|Any CPU.ActiveCfg = Debug|Any CPU
		{553698DF-0ABF-4F52-B05B-101DE18341D0}.Debug|Any CPU.Build.0 = Debug|Any CPU
		{553698DF-0ABF-4F52-B05B-101DE18341D0}.Release|Any CPU.ActiveCfg = Release|Any CPU
		{553698DF-0ABF-4F52-B05B-101DE18341D0}.Release|Any CPU.Build.0 = Release|Any CPU
		{814CCAF5-E562-4AA5-AB36-88C62EBB67A8}.Debug|Any CPU.ActiveCfg = Debug|Any CPU
		{814CCAF5-E562-4AA5-AB36-88C62EBB67A8}.Debug|Any CPU.Build.0 = Debug|Any CPU
		{814CCAF5-E562-4AA5-AB36-88C62EBB67A8}.Release|Any CPU.ActiveCfg = Release|Any CPU
		{814CCAF5-E562-4AA5-AB36-88C62EBB67A8}.Release|Any CPU.Build.0 = Release|Any CPU
		{3BF95E06-2290-4960-BF16-4A551C20838A}.Debug|Any CPU.ActiveCfg = Debug|Any CPU
		{3BF95E06-2290-4960-BF16-4A551C20838A}.Debug|Any CPU.Build.0 = Debug|Any CPU
		{3BF95E06-2290-4960-BF16-4A551C20838A}.Release|Any CPU.ActiveCfg = Release|Any CPU
		{3BF95E06-2290-4960-BF16-4A551C20838A}.Release|Any CPU.Build.0 = Release|Any CPU
		{C75A552B-DAC2-49AF-93D3-EAD233A12C74}.Debug|Any CPU.ActiveCfg = Debug|Any CPU
		{C75A552B-DAC2-49AF-93D3-EAD233A12C74}.Debug|Any CPU.Build.0 = Debug|Any CPU
		{C75A552B-DAC2-49AF-93D3-EAD233A12C74}.Release|Any CPU.ActiveCfg = Release|Any CPU
		{C75A552B-DAC2-49AF-93D3-EAD233A12C74}.Release|Any CPU.Build.0 = Release|Any CPU
		{369394EE-5814-4839-85F4-310ECC8C1F7D}.Debug|Any CPU.ActiveCfg = Debug|Any CPU
		{369394EE-5814-4839-85F4-310ECC8C1F7D}.Debug|Any CPU.Build.0 = Debug|Any CPU
		{369394EE-5814-4839-85F4-310ECC8C1F7D}.Release|Any CPU.ActiveCfg = Release|Any CPU
		{369394EE-5814-4839-85F4-310ECC8C1F7D}.Release|Any CPU.Build.0 = Release|Any CPU
		{5700DBF1-E0C0-4757-82FC-8D1F87DE955B}.Debug|Any CPU.ActiveCfg = Debug|Any CPU
		{5700DBF1-E0C0-4757-82FC-8D1F87DE955B}.Debug|Any CPU.Build.0 = Debug|Any CPU
		{5700DBF1-E0C0-4757-82FC-8D1F87DE955B}.Release|Any CPU.ActiveCfg = Release|Any CPU
		{5700DBF1-E0C0-4757-82FC-8D1F87DE955B}.Release|Any CPU.Build.0 = Release|Any CPU
		{5DA32060-1046-4E5D-BAB8-BCAEDA603F25}.Debug|Any CPU.ActiveCfg = Debug|Any CPU
		{5DA32060-1046-4E5D-BAB8-BCAEDA603F25}.Debug|Any CPU.Build.0 = Debug|Any CPU
		{5DA32060-1046-4E5D-BAB8-BCAEDA603F25}.Release|Any CPU.ActiveCfg = Release|Any CPU
		{5DA32060-1046-4E5D-BAB8-BCAEDA603F25}.Release|Any CPU.Build.0 = Release|Any CPU
		{B790B885-F8E5-4A56-902E-576B209BAD28}.Debug|Any CPU.ActiveCfg = Debug|Any CPU
		{B790B885-F8E5-4A56-902E-576B209BAD28}.Debug|Any CPU.Build.0 = Debug|Any CPU
		{B790B885-F8E5-4A56-902E-576B209BAD28}.Release|Any CPU.ActiveCfg = Release|Any CPU
		{B790B885-F8E5-4A56-902E-576B209BAD28}.Release|Any CPU.Build.0 = Release|Any CPU
		{D6078C6D-9522-4D51-9A9F-34050426B030}.Debug|Any CPU.ActiveCfg = Debug|Any CPU
		{D6078C6D-9522-4D51-9A9F-34050426B030}.Debug|Any CPU.Build.0 = Debug|Any CPU
		{D6078C6D-9522-4D51-9A9F-34050426B030}.Release|Any CPU.ActiveCfg = Release|Any CPU
		{D6078C6D-9522-4D51-9A9F-34050426B030}.Release|Any CPU.Build.0 = Release|Any CPU
		{976AEBDE-DE0D-4052-A64E-99F9D858FC75}.Debug|Any CPU.ActiveCfg = Debug|Any CPU
		{976AEBDE-DE0D-4052-A64E-99F9D858FC75}.Debug|Any CPU.Build.0 = Debug|Any CPU
		{976AEBDE-DE0D-4052-A64E-99F9D858FC75}.Release|Any CPU.ActiveCfg = Release|Any CPU
		{976AEBDE-DE0D-4052-A64E-99F9D858FC75}.Release|Any CPU.Build.0 = Release|Any CPU
		{95BBC806-40F7-4D8D-801B-614CAC00F911}.Debug|Any CPU.ActiveCfg = Debug|Any CPU
		{95BBC806-40F7-4D8D-801B-614CAC00F911}.Debug|Any CPU.Build.0 = Debug|Any CPU
		{95BBC806-40F7-4D8D-801B-614CAC00F911}.Release|Any CPU.ActiveCfg = Release|Any CPU
		{95BBC806-40F7-4D8D-801B-614CAC00F911}.Release|Any CPU.Build.0 = Release|Any CPU
		{B1ABE8DA-5623-4483-A270-7BD96ED8F4B7}.Debug|Any CPU.ActiveCfg = Debug|Any CPU
		{B1ABE8DA-5623-4483-A270-7BD96ED8F4B7}.Debug|Any CPU.Build.0 = Debug|Any CPU
		{B1ABE8DA-5623-4483-A270-7BD96ED8F4B7}.Release|Any CPU.ActiveCfg = Release|Any CPU
		{B1ABE8DA-5623-4483-A270-7BD96ED8F4B7}.Release|Any CPU.Build.0 = Release|Any CPU
		{05717971-B628-44AB-88C4-14C25AA48ABA}.Debug|Any CPU.ActiveCfg = Debug|Any CPU
		{05717971-B628-44AB-88C4-14C25AA48ABA}.Debug|Any CPU.Build.0 = Debug|Any CPU
		{05717971-B628-44AB-88C4-14C25AA48ABA}.Release|Any CPU.ActiveCfg = Release|Any CPU
		{05717971-B628-44AB-88C4-14C25AA48ABA}.Release|Any CPU.Build.0 = Release|Any CPU
		{CEBC7BE0-B809-4C4A-80E3-DD6ADD763EDF}.Debug|Any CPU.ActiveCfg = Debug|Any CPU
		{CEBC7BE0-B809-4C4A-80E3-DD6ADD763EDF}.Debug|Any CPU.Build.0 = Debug|Any CPU
		{CEBC7BE0-B809-4C4A-80E3-DD6ADD763EDF}.Release|Any CPU.ActiveCfg = Release|Any CPU
		{CEBC7BE0-B809-4C4A-80E3-DD6ADD763EDF}.Release|Any CPU.Build.0 = Release|Any CPU
		{37BFEAA8-624B-409F-9672-33CB6398BF82}.Debug|Any CPU.ActiveCfg = Debug|Any CPU
		{37BFEAA8-624B-409F-9672-33CB6398BF82}.Debug|Any CPU.Build.0 = Debug|Any CPU
		{37BFEAA8-624B-409F-9672-33CB6398BF82}.Release|Any CPU.ActiveCfg = Release|Any CPU
		{37BFEAA8-624B-409F-9672-33CB6398BF82}.Release|Any CPU.Build.0 = Release|Any CPU
		{3008E9E3-9491-42AB-B787-8C59DF4EF738}.Debug|Any CPU.ActiveCfg = Debug|Any CPU
		{3008E9E3-9491-42AB-B787-8C59DF4EF738}.Debug|Any CPU.Build.0 = Debug|Any CPU
		{3008E9E3-9491-42AB-B787-8C59DF4EF738}.Release|Any CPU.ActiveCfg = Release|Any CPU
		{3008E9E3-9491-42AB-B787-8C59DF4EF738}.Release|Any CPU.Build.0 = Release|Any CPU
		{EC74F2D8-E40F-415D-A662-B39FA4FBA0C5}.Debug|Any CPU.ActiveCfg = Debug|Any CPU
		{EC74F2D8-E40F-415D-A662-B39FA4FBA0C5}.Debug|Any CPU.Build.0 = Debug|Any CPU
		{EC74F2D8-E40F-415D-A662-B39FA4FBA0C5}.Release|Any CPU.ActiveCfg = Release|Any CPU
		{EC74F2D8-E40F-415D-A662-B39FA4FBA0C5}.Release|Any CPU.Build.0 = Release|Any CPU
		{51906DDF-EC28-43DD-BC2E-7C61E8E1575A}.Debug|Any CPU.ActiveCfg = Debug|Any CPU
		{51906DDF-EC28-43DD-BC2E-7C61E8E1575A}.Debug|Any CPU.Build.0 = Debug|Any CPU
		{51906DDF-EC28-43DD-BC2E-7C61E8E1575A}.Release|Any CPU.ActiveCfg = Release|Any CPU
		{51906DDF-EC28-43DD-BC2E-7C61E8E1575A}.Release|Any CPU.Build.0 = Release|Any CPU
		{2EC2BD8A-5334-4626-BA0E-E512CFBCD6E9}.Debug|Any CPU.ActiveCfg = Debug|Any CPU
		{2EC2BD8A-5334-4626-BA0E-E512CFBCD6E9}.Debug|Any CPU.Build.0 = Debug|Any CPU
		{2EC2BD8A-5334-4626-BA0E-E512CFBCD6E9}.Release|Any CPU.ActiveCfg = Release|Any CPU
		{2EC2BD8A-5334-4626-BA0E-E512CFBCD6E9}.Release|Any CPU.Build.0 = Release|Any CPU
		{2436C7A9-ECE2-489F-8BB2-2D996EAEE20C}.Debug|Any CPU.ActiveCfg = Debug|Any CPU
		{2436C7A9-ECE2-489F-8BB2-2D996EAEE20C}.Debug|Any CPU.Build.0 = Debug|Any CPU
		{2436C7A9-ECE2-489F-8BB2-2D996EAEE20C}.Release|Any CPU.ActiveCfg = Release|Any CPU
		{2436C7A9-ECE2-489F-8BB2-2D996EAEE20C}.Release|Any CPU.Build.0 = Release|Any CPU
		{4009F9CA-E29A-4AC6-AAA5-FA82B83F4514}.Debug|Any CPU.ActiveCfg = Debug|Any CPU
		{4009F9CA-E29A-4AC6-AAA5-FA82B83F4514}.Debug|Any CPU.Build.0 = Debug|Any CPU
		{4009F9CA-E29A-4AC6-AAA5-FA82B83F4514}.Release|Any CPU.ActiveCfg = Release|Any CPU
		{4009F9CA-E29A-4AC6-AAA5-FA82B83F4514}.Release|Any CPU.Build.0 = Release|Any CPU
		{BAC42D06-0904-4FAC-B243-9E187D0976A9}.Debug|Any CPU.ActiveCfg = Debug|Any CPU
		{BAC42D06-0904-4FAC-B243-9E187D0976A9}.Debug|Any CPU.Build.0 = Debug|Any CPU
		{BAC42D06-0904-4FAC-B243-9E187D0976A9}.Release|Any CPU.ActiveCfg = Release|Any CPU
		{BAC42D06-0904-4FAC-B243-9E187D0976A9}.Release|Any CPU.Build.0 = Release|Any CPU
		{AC524185-F2E5-45BD-94BC-9F57CA300A0F}.Debug|Any CPU.ActiveCfg = Debug|Any CPU
		{AC524185-F2E5-45BD-94BC-9F57CA300A0F}.Debug|Any CPU.Build.0 = Debug|Any CPU
		{AC524185-F2E5-45BD-94BC-9F57CA300A0F}.Release|Any CPU.ActiveCfg = Release|Any CPU
		{AC524185-F2E5-45BD-94BC-9F57CA300A0F}.Release|Any CPU.Build.0 = Release|Any CPU
		{D66D5EB1-769C-45CC-9D08-CE93263D43BB}.Debug|Any CPU.ActiveCfg = Debug|Any CPU
		{D66D5EB1-769C-45CC-9D08-CE93263D43BB}.Debug|Any CPU.Build.0 = Debug|Any CPU
		{D66D5EB1-769C-45CC-9D08-CE93263D43BB}.Release|Any CPU.ActiveCfg = Release|Any CPU
		{D66D5EB1-769C-45CC-9D08-CE93263D43BB}.Release|Any CPU.Build.0 = Release|Any CPU
		{C6DD7E2A-089D-4179-B2A1-3A7B3A3DBEDF}.Debug|Any CPU.ActiveCfg = Debug|Any CPU
		{C6DD7E2A-089D-4179-B2A1-3A7B3A3DBEDF}.Debug|Any CPU.Build.0 = Debug|Any CPU
		{C6DD7E2A-089D-4179-B2A1-3A7B3A3DBEDF}.Release|Any CPU.ActiveCfg = Release|Any CPU
		{C6DD7E2A-089D-4179-B2A1-3A7B3A3DBEDF}.Release|Any CPU.Build.0 = Release|Any CPU
		{301CDAC8-08C8-4CC6-A427-48F52801949F}.Debug|Any CPU.ActiveCfg = Debug|Any CPU
		{301CDAC8-08C8-4CC6-A427-48F52801949F}.Debug|Any CPU.Build.0 = Debug|Any CPU
		{301CDAC8-08C8-4CC6-A427-48F52801949F}.Release|Any CPU.ActiveCfg = Release|Any CPU
		{301CDAC8-08C8-4CC6-A427-48F52801949F}.Release|Any CPU.Build.0 = Release|Any CPU
		{BB945985-33C2-4333-B64A-6B369A597419}.Debug|Any CPU.ActiveCfg = Debug|Any CPU
		{BB945985-33C2-4333-B64A-6B369A597419}.Debug|Any CPU.Build.0 = Debug|Any CPU
		{BB945985-33C2-4333-B64A-6B369A597419}.Release|Any CPU.ActiveCfg = Release|Any CPU
		{BB945985-33C2-4333-B64A-6B369A597419}.Release|Any CPU.Build.0 = Release|Any CPU
		{0F66F52E-AAB4-4B58-9772-92D7DE3AB627}.Debug|Any CPU.ActiveCfg = Debug|Any CPU
		{0F66F52E-AAB4-4B58-9772-92D7DE3AB627}.Debug|Any CPU.Build.0 = Debug|Any CPU
		{0F66F52E-AAB4-4B58-9772-92D7DE3AB627}.Release|Any CPU.ActiveCfg = Release|Any CPU
		{0F66F52E-AAB4-4B58-9772-92D7DE3AB627}.Release|Any CPU.Build.0 = Release|Any CPU
		{034C94CE-37C1-4EDF-AD11-18609EEF858C}.Debug|Any CPU.ActiveCfg = Debug|Any CPU
		{034C94CE-37C1-4EDF-AD11-18609EEF858C}.Debug|Any CPU.Build.0 = Debug|Any CPU
		{034C94CE-37C1-4EDF-AD11-18609EEF858C}.Release|Any CPU.ActiveCfg = Release|Any CPU
		{034C94CE-37C1-4EDF-AD11-18609EEF858C}.Release|Any CPU.Build.0 = Release|Any CPU
		{5EC4BA30-22AA-4108-8F96-54A14A21F14E}.Debug|Any CPU.ActiveCfg = Debug|Any CPU
		{5EC4BA30-22AA-4108-8F96-54A14A21F14E}.Debug|Any CPU.Build.0 = Debug|Any CPU
		{5EC4BA30-22AA-4108-8F96-54A14A21F14E}.Release|Any CPU.ActiveCfg = Release|Any CPU
		{5EC4BA30-22AA-4108-8F96-54A14A21F14E}.Release|Any CPU.Build.0 = Release|Any CPU
		{C0B84720-6134-40FF-AD5E-030EA2BEAE71}.Debug|Any CPU.ActiveCfg = Debug|Any CPU
		{C0B84720-6134-40FF-AD5E-030EA2BEAE71}.Debug|Any CPU.Build.0 = Debug|Any CPU
		{C0B84720-6134-40FF-AD5E-030EA2BEAE71}.Release|Any CPU.ActiveCfg = Release|Any CPU
		{C0B84720-6134-40FF-AD5E-030EA2BEAE71}.Release|Any CPU.Build.0 = Release|Any CPU
		{C61F2853-8E63-41B9-BD50-E86EE73BA485}.Debug|Any CPU.ActiveCfg = Debug|Any CPU
		{C61F2853-8E63-41B9-BD50-E86EE73BA485}.Debug|Any CPU.Build.0 = Debug|Any CPU
		{C61F2853-8E63-41B9-BD50-E86EE73BA485}.Release|Any CPU.ActiveCfg = Release|Any CPU
		{C61F2853-8E63-41B9-BD50-E86EE73BA485}.Release|Any CPU.Build.0 = Release|Any CPU
		{EDB6A290-F645-47C5-86BA-9E7E7EF02F46}.Debug|Any CPU.ActiveCfg = Debug|Any CPU
		{EDB6A290-F645-47C5-86BA-9E7E7EF02F46}.Debug|Any CPU.Build.0 = Debug|Any CPU
		{EDB6A290-F645-47C5-86BA-9E7E7EF02F46}.Release|Any CPU.ActiveCfg = Release|Any CPU
		{EDB6A290-F645-47C5-86BA-9E7E7EF02F46}.Release|Any CPU.Build.0 = Release|Any CPU
		{14402DCA-339A-4AA3-ADD2-28C9231AD20C}.Debug|Any CPU.ActiveCfg = Debug|Any CPU
		{14402DCA-339A-4AA3-ADD2-28C9231AD20C}.Debug|Any CPU.Build.0 = Debug|Any CPU
		{14402DCA-339A-4AA3-ADD2-28C9231AD20C}.Release|Any CPU.ActiveCfg = Release|Any CPU
		{14402DCA-339A-4AA3-ADD2-28C9231AD20C}.Release|Any CPU.Build.0 = Release|Any CPU
		{E505E6BE-1AA9-404F-A900-21454D2D1604}.Debug|Any CPU.ActiveCfg = Debug|Any CPU
		{E505E6BE-1AA9-404F-A900-21454D2D1604}.Debug|Any CPU.Build.0 = Debug|Any CPU
		{E505E6BE-1AA9-404F-A900-21454D2D1604}.Release|Any CPU.ActiveCfg = Release|Any CPU
		{E505E6BE-1AA9-404F-A900-21454D2D1604}.Release|Any CPU.Build.0 = Release|Any CPU
		{2DA42796-52DB-4D63-9BA4-8F8C35859807}.Debug|Any CPU.ActiveCfg = Debug|Any CPU
		{2DA42796-52DB-4D63-9BA4-8F8C35859807}.Debug|Any CPU.Build.0 = Debug|Any CPU
		{2DA42796-52DB-4D63-9BA4-8F8C35859807}.Release|Any CPU.ActiveCfg = Release|Any CPU
		{2DA42796-52DB-4D63-9BA4-8F8C35859807}.Release|Any CPU.Build.0 = Release|Any CPU
		{30147082-22DA-421F-89BE-3F343EFE8D3C}.Debug|Any CPU.ActiveCfg = Debug|Any CPU
		{30147082-22DA-421F-89BE-3F343EFE8D3C}.Debug|Any CPU.Build.0 = Debug|Any CPU
		{30147082-22DA-421F-89BE-3F343EFE8D3C}.Release|Any CPU.ActiveCfg = Release|Any CPU
		{30147082-22DA-421F-89BE-3F343EFE8D3C}.Release|Any CPU.Build.0 = Release|Any CPU
		{9EDFE71F-54DD-42C3-BB68-F861BA1F2AAD}.Debug|Any CPU.ActiveCfg = Debug|Any CPU
		{9EDFE71F-54DD-42C3-BB68-F861BA1F2AAD}.Debug|Any CPU.Build.0 = Debug|Any CPU
		{9EDFE71F-54DD-42C3-BB68-F861BA1F2AAD}.Release|Any CPU.ActiveCfg = Release|Any CPU
		{9EDFE71F-54DD-42C3-BB68-F861BA1F2AAD}.Release|Any CPU.Build.0 = Release|Any CPU
		{A4E6E1B6-1611-4E37-8AA5-0161374044FE}.Debug|Any CPU.ActiveCfg = Debug|Any CPU
		{A4E6E1B6-1611-4E37-8AA5-0161374044FE}.Debug|Any CPU.Build.0 = Debug|Any CPU
		{A4E6E1B6-1611-4E37-8AA5-0161374044FE}.Release|Any CPU.ActiveCfg = Release|Any CPU
		{A4E6E1B6-1611-4E37-8AA5-0161374044FE}.Release|Any CPU.Build.0 = Release|Any CPU
		{D5904B2F-9B03-4E62-90C4-511FB8C8E70E}.Debug|Any CPU.ActiveCfg = Debug|Any CPU
		{D5904B2F-9B03-4E62-90C4-511FB8C8E70E}.Debug|Any CPU.Build.0 = Debug|Any CPU
		{D5904B2F-9B03-4E62-90C4-511FB8C8E70E}.Release|Any CPU.ActiveCfg = Release|Any CPU
		{D5904B2F-9B03-4E62-90C4-511FB8C8E70E}.Release|Any CPU.Build.0 = Release|Any CPU
		{84CB9661-D0AB-4ABD-BB4E-94BBFF465A5F}.Debug|Any CPU.ActiveCfg = Debug|Any CPU
		{84CB9661-D0AB-4ABD-BB4E-94BBFF465A5F}.Debug|Any CPU.Build.0 = Debug|Any CPU
		{84CB9661-D0AB-4ABD-BB4E-94BBFF465A5F}.Release|Any CPU.ActiveCfg = Release|Any CPU
		{84CB9661-D0AB-4ABD-BB4E-94BBFF465A5F}.Release|Any CPU.Build.0 = Release|Any CPU
		{9EF47FF0-842A-4D88-9B46-EAB842FCEF2F}.Debug|Any CPU.ActiveCfg = Debug|Any CPU
		{9EF47FF0-842A-4D88-9B46-EAB842FCEF2F}.Debug|Any CPU.Build.0 = Debug|Any CPU
		{9EF47FF0-842A-4D88-9B46-EAB842FCEF2F}.Release|Any CPU.ActiveCfg = Release|Any CPU
		{9EF47FF0-842A-4D88-9B46-EAB842FCEF2F}.Release|Any CPU.Build.0 = Release|Any CPU
		{AF2E06E4-1890-4C43-A521-2747C62E08CB}.Debug|Any CPU.ActiveCfg = Debug|Any CPU
		{AF2E06E4-1890-4C43-A521-2747C62E08CB}.Debug|Any CPU.Build.0 = Debug|Any CPU
		{AF2E06E4-1890-4C43-A521-2747C62E08CB}.Release|Any CPU.ActiveCfg = Release|Any CPU
		{AF2E06E4-1890-4C43-A521-2747C62E08CB}.Release|Any CPU.Build.0 = Release|Any CPU
		{350355E3-0969-49D1-8316-831534004227}.Debug|Any CPU.ActiveCfg = Debug|Any CPU
		{350355E3-0969-49D1-8316-831534004227}.Debug|Any CPU.Build.0 = Debug|Any CPU
		{350355E3-0969-49D1-8316-831534004227}.Release|Any CPU.ActiveCfg = Release|Any CPU
		{350355E3-0969-49D1-8316-831534004227}.Release|Any CPU.Build.0 = Release|Any CPU
	EndGlobalSection
EndGlobal
